// !$*UTF8*$!
{
	archiveVersion = 1;
	classes = {
	};
	objectVersion = 56;
	objects = {

/* Begin PBXBuildFile section */
		480EAAD82C158F2D0038ADF7 /* RequestBuilder.swift in Sources */ = {isa = PBXBuildFile; fileRef = 480EAAD72C158F2D0038ADF7 /* RequestBuilder.swift */; };
		482139282C10652600D8D1C6 /* TokenSettings.swift in Sources */ = {isa = PBXBuildFile; fileRef = 482139272C10652600D8D1C6 /* TokenSettings.swift */; };
		4836BEC12C1AFD2E0039D219 /* Settings.swift in Sources */ = {isa = PBXBuildFile; fileRef = 4836BEC02C1AFD2E0039D219 /* Settings.swift */; };
		4836BEC42C1B10F20039D219 /* AlertToast in Frameworks */ = {isa = PBXBuildFile; productRef = 4836BEC32C1B10F20039D219 /* AlertToast */; };
		4836BEC62C1B29B90039D219 /* KeychainHelper.swift in Sources */ = {isa = PBXBuildFile; fileRef = 4836BEC52C1B29B90039D219 /* KeychainHelper.swift */; };
		4839B4132ADE3AD3001A4F8F /* AccountsViewModel.swift in Sources */ = {isa = PBXBuildFile; fileRef = 4839B4122ADE3AD3001A4F8F /* AccountsViewModel.swift */; };
		4843D2372B13844A00D1A131 /* Menu.swift in Sources */ = {isa = PBXBuildFile; fileRef = 4843D2362B13844A00D1A131 /* Menu.swift */; };
		48552BA32C1C545E002ED3CF /* ToastHandler.swift in Sources */ = {isa = PBXBuildFile; fileRef = 48552BA22C1C545E002ED3CF /* ToastHandler.swift */; };
		48552BA62C1C6B20002ED3CF /* Transactions.swift in Sources */ = {isa = PBXBuildFile; fileRef = 48552BA52C1C6B20002ED3CF /* Transactions.swift */; };
		48552BA82C1C6BFE002ED3CF /* TransactionsViewModel.swift in Sources */ = {isa = PBXBuildFile; fileRef = 48552BA72C1C6BFE002ED3CF /* TransactionsViewModel.swift */; };
		48552BAA2C1D2D12002ED3CF /* TransactionsView.swift in Sources */ = {isa = PBXBuildFile; fileRef = 48552BA92C1D2D12002ED3CF /* TransactionsView.swift */; };
		4861BF802ADCE82F00FAC64D /* AccountsModel.swift in Sources */ = {isa = PBXBuildFile; fileRef = 4861BF7F2ADCE82F00FAC64D /* AccountsModel.swift */; };
		486E1D7D2C33DAE60038BB4F /* DateHelpers.swift in Sources */ = {isa = PBXBuildFile; fileRef = 486E1D7C2C33DAE60038BB4F /* DateHelpers.swift */; };
		486E1D802C354A2F0038BB4F /* SearchOption.swift in Sources */ = {isa = PBXBuildFile; fileRef = 486E1D7F2C354A2F0038BB4F /* SearchOption.swift */; };
		486E1D822C359A520038BB4F /* effetcs.metal in Sources */ = {isa = PBXBuildFile; fileRef = 486E1D812C359A520038BB4F /* effetcs.metal */; };
		486E1D842C359BFB0038BB4F /* GrainGradient.metal in Sources */ = {isa = PBXBuildFile; fileRef = 486E1D832C359BFB0038BB4F /* GrainGradient.metal */; };
		486E1D862C359E450038BB4F /* BackgroundMaterial.swift in Sources */ = {isa = PBXBuildFile; fileRef = 486E1D852C359E450038BB4F /* BackgroundMaterial.swift */; };
		489EB28E2B46EB2800414CCB /* AccountsView.swift in Sources */ = {isa = PBXBuildFile; fileRef = 489EB28D2B46EB2800414CCB /* AccountsView.swift */; };
		48DF33FF2AD3E31900F6F215 /* FireflyApp.swift in Sources */ = {isa = PBXBuildFile; fileRef = 48DF33FE2AD3E31900F6F215 /* FireflyApp.swift */; };
		48DF34012AD3E31900F6F215 /* AboutView.swift in Sources */ = {isa = PBXBuildFile; fileRef = 48DF34002AD3E31900F6F215 /* AboutView.swift */; };
		48DF34032AD3E31A00F6F215 /* Assets.xcassets in Resources */ = {isa = PBXBuildFile; fileRef = 48DF34022AD3E31A00F6F215 /* Assets.xcassets */; };
		48DF34062AD3E31A00F6F215 /* Preview Assets.xcassets in Resources */ = {isa = PBXBuildFile; fileRef = 48DF34052AD3E31A00F6F215 /* Preview Assets.xcassets */; };
		48DF34102AD3E39B00F6F215 /* UserModel.swift in Sources */ = {isa = PBXBuildFile; fileRef = 48DF340F2AD3E39B00F6F215 /* UserModel.swift */; };
		48DF34122AD3E68A00F6F215 /* UserAPIClient.swift in Sources */ = {isa = PBXBuildFile; fileRef = 48DF34112AD3E68A00F6F215 /* UserAPIClient.swift */; };
		48E919592AE2B5370074B904 /* Alamofire in Frameworks */ = {isa = PBXBuildFile; productRef = 48E919582AE2B5370074B904 /* Alamofire */; };
		48E9195B2AE2C1E60074B904 /* Constants.swift in Sources */ = {isa = PBXBuildFile; fileRef = 48E9195A2AE2C1E60074B904 /* Constants.swift */; };
/* End PBXBuildFile section */

/* Begin PBXFileReference section */
		480EAAD72C158F2D0038ADF7 /* RequestBuilder.swift */ = {isa = PBXFileReference; lastKnownFileType = sourcecode.swift; path = RequestBuilder.swift; sourceTree = "<group>"; };
		482139272C10652600D8D1C6 /* TokenSettings.swift */ = {isa = PBXFileReference; lastKnownFileType = sourcecode.swift; path = TokenSettings.swift; sourceTree = "<group>"; };
		4836BEC02C1AFD2E0039D219 /* Settings.swift */ = {isa = PBXFileReference; lastKnownFileType = sourcecode.swift; path = Settings.swift; sourceTree = "<group>"; };
		4836BEC52C1B29B90039D219 /* KeychainHelper.swift */ = {isa = PBXFileReference; lastKnownFileType = sourcecode.swift; path = KeychainHelper.swift; sourceTree = "<group>"; };
		4839B4122ADE3AD3001A4F8F /* AccountsViewModel.swift */ = {isa = PBXFileReference; lastKnownFileType = sourcecode.swift; path = AccountsViewModel.swift; sourceTree = "<group>"; };
		4843D2362B13844A00D1A131 /* Menu.swift */ = {isa = PBXFileReference; lastKnownFileType = sourcecode.swift; path = Menu.swift; sourceTree = "<group>"; };
		48552BA22C1C545E002ED3CF /* ToastHandler.swift */ = {isa = PBXFileReference; lastKnownFileType = sourcecode.swift; path = ToastHandler.swift; sourceTree = "<group>"; };
		48552BA52C1C6B20002ED3CF /* Transactions.swift */ = {isa = PBXFileReference; lastKnownFileType = sourcecode.swift; path = Transactions.swift; sourceTree = "<group>"; };
		48552BA72C1C6BFE002ED3CF /* TransactionsViewModel.swift */ = {isa = PBXFileReference; lastKnownFileType = sourcecode.swift; path = TransactionsViewModel.swift; sourceTree = "<group>"; };
		48552BA92C1D2D12002ED3CF /* TransactionsView.swift */ = {isa = PBXFileReference; lastKnownFileType = sourcecode.swift; path = TransactionsView.swift; sourceTree = "<group>"; };
		4861BF7F2ADCE82F00FAC64D /* AccountsModel.swift */ = {isa = PBXFileReference; lastKnownFileType = sourcecode.swift; path = AccountsModel.swift; sourceTree = "<group>"; };
		486E1D7C2C33DAE60038BB4F /* DateHelpers.swift */ = {isa = PBXFileReference; lastKnownFileType = sourcecode.swift; path = DateHelpers.swift; sourceTree = "<group>"; };
		486E1D7F2C354A2F0038BB4F /* SearchOption.swift */ = {isa = PBXFileReference; lastKnownFileType = sourcecode.swift; path = SearchOption.swift; sourceTree = "<group>"; };
		486E1D812C359A520038BB4F /* effetcs.metal */ = {isa = PBXFileReference; lastKnownFileType = sourcecode.metal; path = effetcs.metal; sourceTree = "<group>"; };
		486E1D832C359BFB0038BB4F /* GrainGradient.metal */ = {isa = PBXFileReference; lastKnownFileType = sourcecode.metal; path = GrainGradient.metal; sourceTree = "<group>"; };
		486E1D852C359E450038BB4F /* BackgroundMaterial.swift */ = {isa = PBXFileReference; lastKnownFileType = sourcecode.swift; path = BackgroundMaterial.swift; sourceTree = "<group>"; };
		489EB28D2B46EB2800414CCB /* AccountsView.swift */ = {isa = PBXFileReference; lastKnownFileType = sourcecode.swift; path = AccountsView.swift; sourceTree = "<group>"; };
		48DF33FB2AD3E31900F6F215 /* Firefly.app */ = {isa = PBXFileReference; explicitFileType = wrapper.application; includeInIndex = 0; path = Firefly.app; sourceTree = BUILT_PRODUCTS_DIR; };
		48DF33FE2AD3E31900F6F215 /* FireflyApp.swift */ = {isa = PBXFileReference; lastKnownFileType = sourcecode.swift; path = FireflyApp.swift; sourceTree = "<group>"; };
		48DF34002AD3E31900F6F215 /* AboutView.swift */ = {isa = PBXFileReference; lastKnownFileType = sourcecode.swift; path = AboutView.swift; sourceTree = "<group>"; };
		48DF34022AD3E31A00F6F215 /* Assets.xcassets */ = {isa = PBXFileReference; lastKnownFileType = folder.assetcatalog; path = Assets.xcassets; sourceTree = "<group>"; };
		48DF34052AD3E31A00F6F215 /* Preview Assets.xcassets */ = {isa = PBXFileReference; lastKnownFileType = folder.assetcatalog; path = "Preview Assets.xcassets"; sourceTree = "<group>"; };
		48DF34072AD3E31A00F6F215 /* Firefly.entitlements */ = {isa = PBXFileReference; lastKnownFileType = text.plist.entitlements; path = Firefly.entitlements; sourceTree = "<group>"; };
		48DF340F2AD3E39B00F6F215 /* UserModel.swift */ = {isa = PBXFileReference; lastKnownFileType = sourcecode.swift; path = UserModel.swift; sourceTree = "<group>"; };
		48DF34112AD3E68A00F6F215 /* UserAPIClient.swift */ = {isa = PBXFileReference; lastKnownFileType = sourcecode.swift; path = UserAPIClient.swift; sourceTree = "<group>"; };
		48DF34132AD3F1EB00F6F215 /* Info.plist */ = {isa = PBXFileReference; lastKnownFileType = text.plist; path = Info.plist; sourceTree = "<group>"; };
		48E9195A2AE2C1E60074B904 /* Constants.swift */ = {isa = PBXFileReference; lastKnownFileType = sourcecode.swift; path = Constants.swift; sourceTree = "<group>"; };
/* End PBXFileReference section */

/* Begin PBXFrameworksBuildPhase section */
		48DF33F82AD3E31900F6F215 /* Frameworks */ = {
			isa = PBXFrameworksBuildPhase;
			buildActionMask = 2147483647;
			files = (
				48E919592AE2B5370074B904 /* Alamofire in Frameworks */,
				4836BEC42C1B10F20039D219 /* AlertToast in Frameworks */,
			);
			runOnlyForDeploymentPostprocessing = 0;
		};
/* End PBXFrameworksBuildPhase section */

/* Begin PBXGroup section */
		482139292C10692B00D8D1C6 /* Helpers */ = {
			isa = PBXGroup;
			children = (
				480EAAD72C158F2D0038ADF7 /* RequestBuilder.swift */,
				4836BEC52C1B29B90039D219 /* KeychainHelper.swift */,
				48552BA22C1C545E002ED3CF /* ToastHandler.swift */,
				486E1D7C2C33DAE60038BB4F /* DateHelpers.swift */,
				486E1D812C359A520038BB4F /* effetcs.metal */,
				486E1D832C359BFB0038BB4F /* GrainGradient.metal */,
				486E1D852C359E450038BB4F /* BackgroundMaterial.swift */,
			);
			path = Helpers;
			sourceTree = "<group>";
		};
		4843D2352B13843C00D1A131 /* Views */ = {
			isa = PBXGroup;
			children = (
				486E1D7E2C354A170038BB4F /* Shared */,
				4843D2362B13844A00D1A131 /* Menu.swift */,
				48DF34002AD3E31900F6F215 /* AboutView.swift */,
				489EB28D2B46EB2800414CCB /* AccountsView.swift */,
				482139272C10652600D8D1C6 /* TokenSettings.swift */,
				4836BEC02C1AFD2E0039D219 /* Settings.swift */,
				48552BA92C1D2D12002ED3CF /* TransactionsView.swift */,
			);
			path = Views;
			sourceTree = "<group>";
		};
		48552BA42C1C6B0F002ED3CF /* Transactions */ = {
			isa = PBXGroup;
			children = (
				48552BA52C1C6B20002ED3CF /* Transactions.swift */,
				48552BA72C1C6BFE002ED3CF /* TransactionsViewModel.swift */,
			);
			path = Transactions;
			sourceTree = "<group>";
		};
		4861BF7E2ADCE80100FAC64D /* Accounts */ = {
			isa = PBXGroup;
			children = (
				4861BF7F2ADCE82F00FAC64D /* AccountsModel.swift */,
				4839B4122ADE3AD3001A4F8F /* AccountsViewModel.swift */,
			);
			path = Accounts;
			sourceTree = "<group>";
		};
		486E1D7E2C354A170038BB4F /* Shared */ = {
			isa = PBXGroup;
			children = (
				486E1D7F2C354A2F0038BB4F /* SearchOption.swift */,
			);
			path = Shared;
			sourceTree = "<group>";
		};
		48DF33F22AD3E31900F6F215 = {
			isa = PBXGroup;
			children = (
				48DF33FD2AD3E31900F6F215 /* Firefly */,
				48DF33FC2AD3E31900F6F215 /* Products */,
			);
			sourceTree = "<group>";
		};
		48DF33FC2AD3E31900F6F215 /* Products */ = {
			isa = PBXGroup;
			children = (
				48DF33FB2AD3E31900F6F215 /* Firefly.app */,
			);
			name = Products;
			sourceTree = "<group>";
		};
		48DF33FD2AD3E31900F6F215 /* Firefly */ = {
			isa = PBXGroup;
			children = (
				482139292C10692B00D8D1C6 /* Helpers */,
				4843D2352B13843C00D1A131 /* Views */,
				48DF34132AD3F1EB00F6F215 /* Info.plist */,
				48DF340D2AD3E35A00F6F215 /* FireflyAPIClient */,
				48DF33FE2AD3E31900F6F215 /* FireflyApp.swift */,
				48DF34022AD3E31A00F6F215 /* Assets.xcassets */,
				48DF34072AD3E31A00F6F215 /* Firefly.entitlements */,
				48DF34042AD3E31A00F6F215 /* Preview Content */,
			);
			path = Firefly;
			sourceTree = "<group>";
		};
		48DF34042AD3E31A00F6F215 /* Preview Content */ = {
			isa = PBXGroup;
			children = (
				48DF34052AD3E31A00F6F215 /* Preview Assets.xcassets */,
			);
			path = "Preview Content";
			sourceTree = "<group>";
		};
		48DF340D2AD3E35A00F6F215 /* FireflyAPIClient */ = {
			isa = PBXGroup;
			children = (
				48552BA42C1C6B0F002ED3CF /* Transactions */,
				4861BF7E2ADCE80100FAC64D /* Accounts */,
				48DF340E2AD3E37D00F6F215 /* About */,
				48E9195A2AE2C1E60074B904 /* Constants.swift */,
			);
			path = FireflyAPIClient;
			sourceTree = "<group>";
		};
		48DF340E2AD3E37D00F6F215 /* About */ = {
			isa = PBXGroup;
			children = (
				48DF340F2AD3E39B00F6F215 /* UserModel.swift */,
				48DF34112AD3E68A00F6F215 /* UserAPIClient.swift */,
			);
			path = About;
			sourceTree = "<group>";
		};
/* End PBXGroup section */

/* Begin PBXNativeTarget section */
		48DF33FA2AD3E31900F6F215 /* Firefly */ = {
			isa = PBXNativeTarget;
			buildConfigurationList = 48DF340A2AD3E31A00F6F215 /* Build configuration list for PBXNativeTarget "Firefly" */;
			buildPhases = (
				48DF33F72AD3E31900F6F215 /* Sources */,
				48DF33F82AD3E31900F6F215 /* Frameworks */,
				48DF33F92AD3E31900F6F215 /* Resources */,
			);
			buildRules = (
			);
			dependencies = (
			);
			name = Firefly;
			packageProductDependencies = (
				48E919582AE2B5370074B904 /* Alamofire */,
				4836BEC32C1B10F20039D219 /* AlertToast */,
			);
			productName = Firefly;
			productReference = 48DF33FB2AD3E31900F6F215 /* Firefly.app */;
			productType = "com.apple.product-type.application";
		};
/* End PBXNativeTarget section */

/* Begin PBXProject section */
		48DF33F32AD3E31900F6F215 /* Project object */ = {
			isa = PBXProject;
			attributes = {
				BuildIndependentTargetsInParallel = 1;
				LastSwiftUpdateCheck = 1500;
				LastUpgradeCheck = 1540;
				TargetAttributes = {
					48DF33FA2AD3E31900F6F215 = {
						CreatedOnToolsVersion = 15.0;
					};
				};
			};
			buildConfigurationList = 48DF33F62AD3E31900F6F215 /* Build configuration list for PBXProject "Firefly" */;
			compatibilityVersion = "Xcode 14.0";
			developmentRegion = en;
			hasScannedForEncodings = 0;
			knownRegions = (
				en,
				Base,
			);
			mainGroup = 48DF33F22AD3E31900F6F215;
			packageReferences = (
				48E919572AE2B5370074B904 /* XCRemoteSwiftPackageReference "Alamofire" */,
				4836BEC22C1B10F20039D219 /* XCRemoteSwiftPackageReference "AlertToast" */,
			);
			productRefGroup = 48DF33FC2AD3E31900F6F215 /* Products */;
			projectDirPath = "";
			projectRoot = "";
			targets = (
				48DF33FA2AD3E31900F6F215 /* Firefly */,
			);
		};
/* End PBXProject section */

/* Begin PBXResourcesBuildPhase section */
		48DF33F92AD3E31900F6F215 /* Resources */ = {
			isa = PBXResourcesBuildPhase;
			buildActionMask = 2147483647;
			files = (
				48DF34062AD3E31A00F6F215 /* Preview Assets.xcassets in Resources */,
				48DF34032AD3E31A00F6F215 /* Assets.xcassets in Resources */,
			);
			runOnlyForDeploymentPostprocessing = 0;
		};
/* End PBXResourcesBuildPhase section */

/* Begin PBXSourcesBuildPhase section */
		48DF33F72AD3E31900F6F215 /* Sources */ = {
			isa = PBXSourcesBuildPhase;
			buildActionMask = 2147483647;
			files = (
				48DF34012AD3E31900F6F215 /* AboutView.swift in Sources */,
				48DF34102AD3E39B00F6F215 /* UserModel.swift in Sources */,
				48DF34122AD3E68A00F6F215 /* UserAPIClient.swift in Sources */,
				480EAAD82C158F2D0038ADF7 /* RequestBuilder.swift in Sources */,
				48552BA32C1C545E002ED3CF /* ToastHandler.swift in Sources */,
				48552BAA2C1D2D12002ED3CF /* TransactionsView.swift in Sources */,
				486E1D822C359A520038BB4F /* effetcs.metal in Sources */,
				4836BEC12C1AFD2E0039D219 /* Settings.swift in Sources */,
				48DF33FF2AD3E31900F6F215 /* FireflyApp.swift in Sources */,
				48552BA82C1C6BFE002ED3CF /* TransactionsViewModel.swift in Sources */,
				486E1D862C359E450038BB4F /* BackgroundMaterial.swift in Sources */,
				48E9195B2AE2C1E60074B904 /* Constants.swift in Sources */,
				4843D2372B13844A00D1A131 /* Menu.swift in Sources */,
				489EB28E2B46EB2800414CCB /* AccountsView.swift in Sources */,
				482139282C10652600D8D1C6 /* TokenSettings.swift in Sources */,
				48552BA62C1C6B20002ED3CF /* Transactions.swift in Sources */,
				486E1D842C359BFB0038BB4F /* GrainGradient.metal in Sources */,
				486E1D7D2C33DAE60038BB4F /* DateHelpers.swift in Sources */,
				4861BF802ADCE82F00FAC64D /* AccountsModel.swift in Sources */,
				4836BEC62C1B29B90039D219 /* KeychainHelper.swift in Sources */,
				4839B4132ADE3AD3001A4F8F /* AccountsViewModel.swift in Sources */,
				486E1D802C354A2F0038BB4F /* SearchOption.swift in Sources */,
			);
			runOnlyForDeploymentPostprocessing = 0;
		};
/* End PBXSourcesBuildPhase section */

/* Begin XCBuildConfiguration section */
		48DF34082AD3E31A00F6F215 /* Debug */ = {
			isa = XCBuildConfiguration;
			buildSettings = {
				ALWAYS_SEARCH_USER_PATHS = NO;
				ASSETCATALOG_COMPILER_GENERATE_SWIFT_ASSET_SYMBOL_EXTENSIONS = YES;
				CLANG_ANALYZER_NONNULL = YES;
				CLANG_ANALYZER_NUMBER_OBJECT_CONVERSION = YES_AGGRESSIVE;
				CLANG_CXX_LANGUAGE_STANDARD = "gnu++20";
				CLANG_ENABLE_MODULES = YES;
				CLANG_ENABLE_OBJC_ARC = YES;
				CLANG_ENABLE_OBJC_WEAK = YES;
				CLANG_WARN_BLOCK_CAPTURE_AUTORELEASING = YES;
				CLANG_WARN_BOOL_CONVERSION = YES;
				CLANG_WARN_COMMA = YES;
				CLANG_WARN_CONSTANT_CONVERSION = YES;
				CLANG_WARN_DEPRECATED_OBJC_IMPLEMENTATIONS = YES;
				CLANG_WARN_DIRECT_OBJC_ISA_USAGE = YES_ERROR;
				CLANG_WARN_DOCUMENTATION_COMMENTS = YES;
				CLANG_WARN_EMPTY_BODY = YES;
				CLANG_WARN_ENUM_CONVERSION = YES;
				CLANG_WARN_INFINITE_RECURSION = YES;
				CLANG_WARN_INT_CONVERSION = YES;
				CLANG_WARN_NON_LITERAL_NULL_CONVERSION = YES;
				CLANG_WARN_OBJC_IMPLICIT_RETAIN_SELF = YES;
				CLANG_WARN_OBJC_LITERAL_CONVERSION = YES;
				CLANG_WARN_OBJC_ROOT_CLASS = YES_ERROR;
				CLANG_WARN_QUOTED_INCLUDE_IN_FRAMEWORK_HEADER = YES;
				CLANG_WARN_RANGE_LOOP_ANALYSIS = YES;
				CLANG_WARN_STRICT_PROTOTYPES = YES;
				CLANG_WARN_SUSPICIOUS_MOVE = YES;
				CLANG_WARN_UNGUARDED_AVAILABILITY = YES_AGGRESSIVE;
				CLANG_WARN_UNREACHABLE_CODE = YES;
				CLANG_WARN__DUPLICATE_METHOD_MATCH = YES;
				COPY_PHASE_STRIP = NO;
				DEAD_CODE_STRIPPING = YES;
				DEBUG_INFORMATION_FORMAT = dwarf;
				ENABLE_STRICT_OBJC_MSGSEND = YES;
				ENABLE_TESTABILITY = YES;
				ENABLE_USER_SCRIPT_SANDBOXING = YES;
				GCC_C_LANGUAGE_STANDARD = gnu17;
				GCC_DYNAMIC_NO_PIC = NO;
				GCC_NO_COMMON_BLOCKS = YES;
				GCC_OPTIMIZATION_LEVEL = 0;
				GCC_PREPROCESSOR_DEFINITIONS = (
					"DEBUG=1",
					"$(inherited)",
				);
				GCC_WARN_64_TO_32_BIT_CONVERSION = YES;
				GCC_WARN_ABOUT_RETURN_TYPE = YES_ERROR;
				GCC_WARN_UNDECLARED_SELECTOR = YES;
				GCC_WARN_UNINITIALIZED_AUTOS = YES_AGGRESSIVE;
				GCC_WARN_UNUSED_FUNCTION = YES;
				GCC_WARN_UNUSED_VARIABLE = YES;
				LOCALIZATION_PREFERS_STRING_CATALOGS = YES;
				MACOSX_DEPLOYMENT_TARGET = 14.0;
				MTL_ENABLE_DEBUG_INFO = INCLUDE_SOURCE;
				MTL_FAST_MATH = YES;
				ONLY_ACTIVE_ARCH = YES;
				SDKROOT = macosx;
				SWIFT_ACTIVE_COMPILATION_CONDITIONS = "DEBUG $(inherited)";
				SWIFT_OPTIMIZATION_LEVEL = "-Onone";
			};
			name = Debug;
		};
		48DF34092AD3E31A00F6F215 /* Release */ = {
			isa = XCBuildConfiguration;
			buildSettings = {
				ALWAYS_SEARCH_USER_PATHS = NO;
				ASSETCATALOG_COMPILER_GENERATE_SWIFT_ASSET_SYMBOL_EXTENSIONS = YES;
				CLANG_ANALYZER_NONNULL = YES;
				CLANG_ANALYZER_NUMBER_OBJECT_CONVERSION = YES_AGGRESSIVE;
				CLANG_CXX_LANGUAGE_STANDARD = "gnu++20";
				CLANG_ENABLE_MODULES = YES;
				CLANG_ENABLE_OBJC_ARC = YES;
				CLANG_ENABLE_OBJC_WEAK = YES;
				CLANG_WARN_BLOCK_CAPTURE_AUTORELEASING = YES;
				CLANG_WARN_BOOL_CONVERSION = YES;
				CLANG_WARN_COMMA = YES;
				CLANG_WARN_CONSTANT_CONVERSION = YES;
				CLANG_WARN_DEPRECATED_OBJC_IMPLEMENTATIONS = YES;
				CLANG_WARN_DIRECT_OBJC_ISA_USAGE = YES_ERROR;
				CLANG_WARN_DOCUMENTATION_COMMENTS = YES;
				CLANG_WARN_EMPTY_BODY = YES;
				CLANG_WARN_ENUM_CONVERSION = YES;
				CLANG_WARN_INFINITE_RECURSION = YES;
				CLANG_WARN_INT_CONVERSION = YES;
				CLANG_WARN_NON_LITERAL_NULL_CONVERSION = YES;
				CLANG_WARN_OBJC_IMPLICIT_RETAIN_SELF = YES;
				CLANG_WARN_OBJC_LITERAL_CONVERSION = YES;
				CLANG_WARN_OBJC_ROOT_CLASS = YES_ERROR;
				CLANG_WARN_QUOTED_INCLUDE_IN_FRAMEWORK_HEADER = YES;
				CLANG_WARN_RANGE_LOOP_ANALYSIS = YES;
				CLANG_WARN_STRICT_PROTOTYPES = YES;
				CLANG_WARN_SUSPICIOUS_MOVE = YES;
				CLANG_WARN_UNGUARDED_AVAILABILITY = YES_AGGRESSIVE;
				CLANG_WARN_UNREACHABLE_CODE = YES;
				CLANG_WARN__DUPLICATE_METHOD_MATCH = YES;
				COPY_PHASE_STRIP = NO;
				DEAD_CODE_STRIPPING = YES;
				DEBUG_INFORMATION_FORMAT = "dwarf-with-dsym";
				ENABLE_NS_ASSERTIONS = NO;
				ENABLE_STRICT_OBJC_MSGSEND = YES;
				ENABLE_USER_SCRIPT_SANDBOXING = YES;
				GCC_C_LANGUAGE_STANDARD = gnu17;
				GCC_NO_COMMON_BLOCKS = YES;
				GCC_WARN_64_TO_32_BIT_CONVERSION = YES;
				GCC_WARN_ABOUT_RETURN_TYPE = YES_ERROR;
				GCC_WARN_UNDECLARED_SELECTOR = YES;
				GCC_WARN_UNINITIALIZED_AUTOS = YES_AGGRESSIVE;
				GCC_WARN_UNUSED_FUNCTION = YES;
				GCC_WARN_UNUSED_VARIABLE = YES;
				LOCALIZATION_PREFERS_STRING_CATALOGS = YES;
				MACOSX_DEPLOYMENT_TARGET = 14.0;
				MTL_ENABLE_DEBUG_INFO = NO;
				MTL_FAST_MATH = YES;
				SDKROOT = macosx;
				SWIFT_COMPILATION_MODE = wholemodule;
			};
			name = Release;
		};
		48DF340B2AD3E31A00F6F215 /* Debug */ = {
			isa = XCBuildConfiguration;
			buildSettings = {
				ASSETCATALOG_COMPILER_APPICON_NAME = AppIcon;
				ASSETCATALOG_COMPILER_GLOBAL_ACCENT_COLOR_NAME = AccentColor;
				CODE_SIGN_ENTITLEMENTS = Firefly/Firefly.entitlements;
				CODE_SIGN_STYLE = Automatic;
				COMBINE_HIDPI_IMAGES = YES;
				CURRENT_PROJECT_VERSION = 1;
				DEAD_CODE_STRIPPING = YES;
				DEVELOPMENT_ASSET_PATHS = "\"Firefly/Preview Content\"";
				DEVELOPMENT_TEAM = 8CM29V7742;
				ENABLE_HARDENED_RUNTIME = YES;
				ENABLE_PREVIEWS = YES;
				GENERATE_INFOPLIST_FILE = YES;
				INFOPLIST_FILE = Firefly/Info.plist;
				INFOPLIST_KEY_NSHumanReadableCopyright = "";
				LD_RUNPATH_SEARCH_PATHS = (
					"$(inherited)",
					"@executable_path/../Frameworks",
				);
				MARKETING_VERSION = 1.0;
				PRODUCT_BUNDLE_IDENTIFIER = com.aditya.Firefly;
				PRODUCT_NAME = "$(TARGET_NAME)";
				SUPPORTED_PLATFORMS = "iphoneos iphonesimulator";
				SUPPORTS_MACCATALYST = NO;
				SWIFT_EMIT_LOC_STRINGS = YES;
				SWIFT_VERSION = 5.0;
				TARGETED_DEVICE_FAMILY = "1,2";
			};
			name = Debug;
		};
		48DF340C2AD3E31A00F6F215 /* Release */ = {
			isa = XCBuildConfiguration;
			buildSettings = {
				ASSETCATALOG_COMPILER_APPICON_NAME = AppIcon;
				ASSETCATALOG_COMPILER_GLOBAL_ACCENT_COLOR_NAME = AccentColor;
				CODE_SIGN_ENTITLEMENTS = Firefly/Firefly.entitlements;
				CODE_SIGN_STYLE = Automatic;
				COMBINE_HIDPI_IMAGES = YES;
				CURRENT_PROJECT_VERSION = 1;
				DEAD_CODE_STRIPPING = YES;
				DEVELOPMENT_ASSET_PATHS = "\"Firefly/Preview Content\"";
				DEVELOPMENT_TEAM = 8CM29V7742;
				ENABLE_HARDENED_RUNTIME = YES;
				ENABLE_PREVIEWS = YES;
				GENERATE_INFOPLIST_FILE = YES;
				INFOPLIST_FILE = Firefly/Info.plist;
				INFOPLIST_KEY_NSHumanReadableCopyright = "";
				LD_RUNPATH_SEARCH_PATHS = (
					"$(inherited)",
					"@executable_path/../Frameworks",
				);
				MARKETING_VERSION = 1.0;
				PRODUCT_BUNDLE_IDENTIFIER = com.aditya.Firefly;
				PRODUCT_NAME = "$(TARGET_NAME)";
				SUPPORTED_PLATFORMS = "iphoneos iphonesimulator";
				SUPPORTS_MACCATALYST = NO;
				SWIFT_EMIT_LOC_STRINGS = YES;
				SWIFT_VERSION = 5.0;
				TARGETED_DEVICE_FAMILY = "1,2";
			};
			name = Release;
		};
/* End XCBuildConfiguration section */

/* Begin XCConfigurationList section */
		48DF33F62AD3E31900F6F215 /* Build configuration list for PBXProject "Firefly" */ = {
			isa = XCConfigurationList;
			buildConfigurations = (
				48DF34082AD3E31A00F6F215 /* Debug */,
				48DF34092AD3E31A00F6F215 /* Release */,
			);
			defaultConfigurationIsVisible = 0;
			defaultConfigurationName = Release;
		};
		48DF340A2AD3E31A00F6F215 /* Build configuration list for PBXNativeTarget "Firefly" */ = {
			isa = XCConfigurationList;
			buildConfigurations = (
				48DF340B2AD3E31A00F6F215 /* Debug */,
				48DF340C2AD3E31A00F6F215 /* Release */,
			);
			defaultConfigurationIsVisible = 0;
			defaultConfigurationName = Release;
		};
/* End XCConfigurationList section */

/* Begin XCRemoteSwiftPackageReference section */
		4836BEC22C1B10F20039D219 /* XCRemoteSwiftPackageReference "AlertToast" */ = {
			isa = XCRemoteSwiftPackageReference;
			repositoryURL = "https://github.com/elai950/AlertToast.git";
			requirement = {
				kind = upToNextMajorVersion;
				minimumVersion = 1.3.9;
			};
		};
		48E919572AE2B5370074B904 /* XCRemoteSwiftPackageReference "Alamofire" */ = {
			isa = XCRemoteSwiftPackageReference;
			repositoryURL = "https://github.com/Alamofire/Alamofire.git";
			requirement = {
				kind = upToNextMajorVersion;
				minimumVersion = 5.8.0;
			};
		};
/* End XCRemoteSwiftPackageReference section */

/* Begin XCSwiftPackageProductDependency section */
		4836BEC32C1B10F20039D219 /* AlertToast */ = {
			isa = XCSwiftPackageProductDependency;
			package = 4836BEC22C1B10F20039D219 /* XCRemoteSwiftPackageReference "AlertToast" */;
			productName = AlertToast;
		};
		48E919582AE2B5370074B904 /* Alamofire */ = {
			isa = XCSwiftPackageProductDependency;
			package = 48E919572AE2B5370074B904 /* XCRemoteSwiftPackageReference "Alamofire" */;
			productName = Alamofire;
		};
/* End XCSwiftPackageProductDependency section */
	};
	rootObject = 48DF33F32AD3E31900F6F215 /* Project object */;
}
